
Microsoft Visual Studio Solution File, Format Version 12.00
# Visual Studio Version 16
VisualStudioVersion = 16.0.30002.166
MinimumVisualStudioVersion = 10.0.40219.1
Project("{9A19103F-16F7-4668-BE54-9A1E7A4F7556}") = "eProdaja", "eProdaja\eProdaja.csproj", "{491D5804-D8B7-438B-9126-20908417B6CA}"
EndProject
Project("{FAE04EC0-301F-11D3-BF4B-00C04F79EFBC}") = "eProdaja.Model", "eProdaja.Model\eProdaja.Model.csproj", "{76F907C5-EAD4-491E-896C-C786C964AAA7}"
EndProject
Global
	GlobalSection(SolutionConfigurationPlatforms) = preSolution
		Debug|Any CPU = Debug|Any CPU
		Release|Any CPU = Release|Any CPU
	EndGlobalSection
	GlobalSection(ProjectConfigurationPlatforms) = postSolution
		{491D5804-D8B7-438B-9126-20908417B6CA}.Debug|Any CPU.ActiveCfg = Debug|Any CPU
		{491D5804-D8B7-438B-9126-20908417B6CA}.Debug|Any CPU.Build.0 = Debug|Any CPU
		{491D5804-D8B7-438B-9126-20908417B6CA}.Release|Any CPU.ActiveCfg = Release|Any CPU
		{491D5804-D8B7-438B-9126-20908417B6CA}.Release|Any CPU.Build.0 = Release|Any CPU
		{76F907C5-EAD4-491E-896C-C786C964AAA7}.Debug|Any CPU.ActiveCfg = Debug|Any CPU
		{76F907C5-EAD4-491E-896C-C786C964AAA7}.Debug|Any CPU.Build.0 = Debug|Any CPU
		{76F907C5-EAD4-491E-896C-C786C964AAA7}.Release|Any CPU.ActiveCfg = Release|Any CPU
		{76F907C5-EAD4-491E-896C-C786C964AAA7}.Release|Any CPU.Build.0 = Release|Any CPU
	EndGlobalSection
	GlobalSection(SolutionProperties) = preSolution
		HideSolutionNode = FALSE
	EndGlobalSection
	GlobalSection(ExtensibilityGlobals) = postSolution
		SolutionGuid = {185745CA-DB80-45E0-80A2-BF4218712C5E}
	EndGlobalSection
EndGlobal
